
Microsoft Visual Studio Solution File, Format Version 12.00
# Visual Studio Version 16
VisualStudioVersion = 16.0.29613.14
MinimumVisualStudioVersion = 10.0.40219.1
Project("{FAE04EC0-301F-11D3-BF4B-00C04F79EFBC}") = "XwaMission3DViewer", "XwaMission3DViewer\XwaMission3DViewer.csproj", "{3B80B374-C399-45B2-9277-B466135915EC}"
EndProject
Project("{FAE04EC0-301F-11D3-BF4B-00C04F79EFBC}") = "JeremyAnsel.Xwa.HooksConfig", "JeremyAnsel.Xwa.HooksConfig\JeremyAnsel.Xwa.HooksConfig.csproj", "{17E57CFA-4B92-4A2A-9041-30A6AE2C78D0}"
EndProject
Project("{FAE04EC0-301F-11D3-BF4B-00C04F79EFBC}") = "JeremyAnsel.Xwa.WpfOpt", "JeremyAnsel.Xwa.WpfOpt\JeremyAnsel.Xwa.WpfOpt.csproj", "{0DE28F08-0BB2-4F37-943E-EBAA5EA8259B}"
EndProject
Global
	GlobalSection(SolutionConfigurationPlatforms) = preSolution
		Debug|Any CPU = Debug|Any CPU
		Release|Any CPU = Release|Any CPU
	EndGlobalSection
	GlobalSection(ProjectConfigurationPlatforms) = postSolution
		{3B80B374-C399-45B2-9277-B466135915EC}.Debug|Any CPU.ActiveCfg = Debug|Any CPU
		{3B80B374-C399-45B2-9277-B466135915EC}.Debug|Any CPU.Build.0 = Debug|Any CPU
		{3B80B374-C399-45B2-9277-B466135915EC}.Release|Any CPU.ActiveCfg = Release|Any CPU
		{3B80B374-C399-45B2-9277-B466135915EC}.Release|Any CPU.Build.0 = Release|Any CPU
		{17E57CFA-4B92-4A2A-9041-30A6AE2C78D0}.Debug|Any CPU.ActiveCfg = Debug|Any CPU
		{17E57CFA-4B92-4A2A-9041-30A6AE2C78D0}.Debug|Any CPU.Build.0 = Debug|Any CPU
		{17E57CFA-4B92-4A2A-9041-30A6AE2C78D0}.Release|Any CPU.ActiveCfg = Release|Any CPU
		{17E57CFA-4B92-4A2A-9041-30A6AE2C78D0}.Release|Any CPU.Build.0 = Release|Any CPU
		{0DE28F08-0BB2-4F37-943E-EBAA5EA8259B}.Debug|Any CPU.ActiveCfg = Debug|Any CPU
		{0DE28F08-0BB2-4F37-943E-EBAA5EA8259B}.Debug|Any CPU.Build.0 = Debug|Any CPU
		{0DE28F08-0BB2-4F37-943E-EBAA5EA8259B}.Release|Any CPU.ActiveCfg = Release|Any CPU
		{0DE28F08-0BB2-4F37-943E-EBAA5EA8259B}.Release|Any CPU.Build.0 = Release|Any CPU
	EndGlobalSection
	GlobalSection(SolutionProperties) = preSolution
		HideSolutionNode = FALSE
	EndGlobalSection
	GlobalSection(ExtensibilityGlobals) = postSolution
		SolutionGuid = {AD2C489D-BC93-4AD5-83E0-CE5D8D0D765D}
	EndGlobalSection
EndGlobal
